
Microsoft Visual Studio Solution File, Format Version 12.00
# Visual Studio Version 17
VisualStudioVersion = 17.4.33205.214
MinimumVisualStudioVersion = 10.0.40219.1
Project("{8BC9CEB8-8B4A-11D0-8D11-00A0C91BC942}") = "ex_3", "ex_3.vcxproj", "{FD655C61-37D4-4596-A7D5-6169D62494B9}"
EndProject
Global
	GlobalSection(SolutionConfigurationPlatforms) = preSolution
		Debug|x64 = Debug|x64
		Debug|x86 = Debug|x86
		Release|x64 = Release|x64
		Release|x86 = Release|x86
	EndGlobalSection
	GlobalSection(ProjectConfigurationPlatforms) = postSolution
		{FD655C61-37D4-4596-A7D5-6169D62494B9}.Debug|x64.ActiveCfg = Debug|x64
		{FD655C61-37D4-4596-A7D5-6169D62494B9}.Debug|x64.Build.0 = Debug|x64
		{FD655C61-37D4-4596-A7D5-6169D62494B9}.Debug|x86.ActiveCfg = Debug|Win32
		{FD655C61-37D4-4596-A7D5-6169D62494B9}.Debug|x86.Build.0 = Debug|Win32
		{FD655C61-37D4-4596-A7D5-6169D62494B9}.Release|x64.ActiveCfg = Release|x64
		{FD655C61-37D4-4596-A7D5-6169D62494B9}.Release|x64.Build.0 = Release|x64
		{FD655C61-37D4-4596-A7D5-6169D62494B9}.Release|x86.ActiveCfg = Release|Win32
		{FD655C61-37D4-4596-A7D5-6169D62494B9}.Release|x86.Build.0 = Release|Win32
	EndGlobalSection
	GlobalSection(SolutionProperties) = preSolution
		HideSolutionNode = FALSE
	EndGlobalSection
	GlobalSection(ExtensibilityGlobals) = postSolution
		SolutionGuid = {BFF0ABED-FD52-40F5-95B3-13FAEF3F6AE1}
	EndGlobalSection
EndGlobal
