
Microsoft Visual Studio Solution File, Format Version 12.00
# Visual Studio Version 17
VisualStudioVersion = 17.9.34616.47
MinimumVisualStudioVersion = 10.0.40219.1
Project("{8BC9CEB8-8B4A-11D0-8D11-00A0C91BC942}") = "ex_25", "ex_25.vcxproj", "{C7D57DED-8BBB-4636-93CB-0F179A25A29E}"
EndProject
Global
	GlobalSection(SolutionConfigurationPlatforms) = preSolution
		Debug|x64 = Debug|x64
		Debug|x86 = Debug|x86
		Release|x64 = Release|x64
		Release|x86 = Release|x86
	EndGlobalSection
	GlobalSection(ProjectConfigurationPlatforms) = postSolution
		{C7D57DED-8BBB-4636-93CB-0F179A25A29E}.Debug|x64.ActiveCfg = Debug|x64
		{C7D57DED-8BBB-4636-93CB-0F179A25A29E}.Debug|x64.Build.0 = Debug|x64
		{C7D57DED-8BBB-4636-93CB-0F179A25A29E}.Debug|x86.ActiveCfg = Debug|Win32
		{C7D57DED-8BBB-4636-93CB-0F179A25A29E}.Debug|x86.Build.0 = Debug|Win32
		{C7D57DED-8BBB-4636-93CB-0F179A25A29E}.Release|x64.ActiveCfg = Release|x64
		{C7D57DED-8BBB-4636-93CB-0F179A25A29E}.Release|x64.Build.0 = Release|x64
		{C7D57DED-8BBB-4636-93CB-0F179A25A29E}.Release|x86.ActiveCfg = Release|Win32
		{C7D57DED-8BBB-4636-93CB-0F179A25A29E}.Release|x86.Build.0 = Release|Win32
	EndGlobalSection
	GlobalSection(SolutionProperties) = preSolution
		HideSolutionNode = FALSE
	EndGlobalSection
	GlobalSection(ExtensibilityGlobals) = postSolution
		SolutionGuid = {0CAB3492-878F-4D88-8098-2D19B84D8142}
	EndGlobalSection
EndGlobal
