
Microsoft Visual Studio Solution File, Format Version 12.00
# Visual Studio Version 17
VisualStudioVersion = 17.4.33205.214
MinimumVisualStudioVersion = 10.0.40219.1
Project("{8BC9CEB8-8B4A-11D0-8D11-00A0C91BC942}") = "Interface Segregation Principle", "Interface Segregation Principle.vcxproj", "{BEE7D5C3-738E-46C8-B95D-44E1F290B04F}"
EndProject
Global
	GlobalSection(SolutionConfigurationPlatforms) = preSolution
		Debug|x64 = Debug|x64
		Debug|x86 = Debug|x86
		Release|x64 = Release|x64
		Release|x86 = Release|x86
	EndGlobalSection
	GlobalSection(ProjectConfigurationPlatforms) = postSolution
		{BEE7D5C3-738E-46C8-B95D-44E1F290B04F}.Debug|x64.ActiveCfg = Debug|x64
		{BEE7D5C3-738E-46C8-B95D-44E1F290B04F}.Debug|x64.Build.0 = Debug|x64
		{BEE7D5C3-738E-46C8-B95D-44E1F290B04F}.Debug|x86.ActiveCfg = Debug|Win32
		{BEE7D5C3-738E-46C8-B95D-44E1F290B04F}.Debug|x86.Build.0 = Debug|Win32
		{BEE7D5C3-738E-46C8-B95D-44E1F290B04F}.Release|x64.ActiveCfg = Release|x64
		{BEE7D5C3-738E-46C8-B95D-44E1F290B04F}.Release|x64.Build.0 = Release|x64
		{BEE7D5C3-738E-46C8-B95D-44E1F290B04F}.Release|x86.ActiveCfg = Release|Win32
		{BEE7D5C3-738E-46C8-B95D-44E1F290B04F}.Release|x86.Build.0 = Release|Win32
	EndGlobalSection
	GlobalSection(SolutionProperties) = preSolution
		HideSolutionNode = FALSE
	EndGlobalSection
	GlobalSection(ExtensibilityGlobals) = postSolution
		SolutionGuid = {0BC71C6A-1D92-4F50-AEBA-A0B29863DB98}
	EndGlobalSection
EndGlobal
